
Microsoft Visual Studio Solution File, Format Version 12.00
# Visual Studio Version 17
VisualStudioVersion = 17.10.34928.147
MinimumVisualStudioVersion = 10.0.40219.1
Project("{9A19103F-16F7-4668-BE54-9A1E7A4F7556}") = "Temp33", "Temp33.csproj", "{CA178DBF-D877-4804-979C-362D225C1B84}"
EndProject
Project("{54435603-DBB4-11D2-8724-00A0C9A8B90C}") = "Temp33Setup", "..\Temp33Setup\Temp33Setup.vdproj", "{12570738-AEBD-45D3-BDC2-D3C797639D93}"
EndProject
Global
	GlobalSection(SolutionConfigurationPlatforms) = preSolution
		Debug|Any CPU = Debug|Any CPU
		Debug|ARM64 = Debug|ARM64
		Debug|x64 = Debug|x64
		Debug|x86 = Debug|x86
		Release|Any CPU = Release|Any CPU
		Release|ARM64 = Release|ARM64
		Release|x64 = Release|x64
		Release|x86 = Release|x86
	EndGlobalSection
	GlobalSection(ProjectConfigurationPlatforms) = postSolution
		{CA178DBF-D877-4804-979C-362D225C1B84}.Debug|Any CPU.ActiveCfg = Debug|Any CPU
		{CA178DBF-D877-4804-979C-362D225C1B84}.Debug|Any CPU.Build.0 = Debug|Any CPU
		{CA178DBF-D877-4804-979C-362D225C1B84}.Debug|ARM64.ActiveCfg = Debug|Any CPU
		{CA178DBF-D877-4804-979C-362D225C1B84}.Debug|ARM64.Build.0 = Debug|Any CPU
		{CA178DBF-D877-4804-979C-362D225C1B84}.Debug|x64.ActiveCfg = Debug|Any CPU
		{CA178DBF-D877-4804-979C-362D225C1B84}.Debug|x64.Build.0 = Debug|Any CPU
		{CA178DBF-D877-4804-979C-362D225C1B84}.Debug|x86.ActiveCfg = Debug|Any CPU
		{CA178DBF-D877-4804-979C-362D225C1B84}.Debug|x86.Build.0 = Debug|Any CPU
		{CA178DBF-D877-4804-979C-362D225C1B84}.Release|Any CPU.ActiveCfg = Release|Any CPU
		{CA178DBF-D877-4804-979C-362D225C1B84}.Release|Any CPU.Build.0 = Release|Any CPU
		{CA178DBF-D877-4804-979C-362D225C1B84}.Release|ARM64.ActiveCfg = Release|Any CPU
		{CA178DBF-D877-4804-979C-362D225C1B84}.Release|ARM64.Build.0 = Release|Any CPU
		{CA178DBF-D877-4804-979C-362D225C1B84}.Release|x64.ActiveCfg = Release|Any CPU
		{CA178DBF-D877-4804-979C-362D225C1B84}.Release|x64.Build.0 = Release|Any CPU
		{CA178DBF-D877-4804-979C-362D225C1B84}.Release|x86.ActiveCfg = Release|Any CPU
		{CA178DBF-D877-4804-979C-362D225C1B84}.Release|x86.Build.0 = Release|Any CPU
		{12570738-AEBD-45D3-BDC2-D3C797639D93}.Debug|Any CPU.ActiveCfg = Debug
		{12570738-AEBD-45D3-BDC2-D3C797639D93}.Debug|ARM64.ActiveCfg = Debug
		{12570738-AEBD-45D3-BDC2-D3C797639D93}.Debug|ARM64.Build.0 = Debug
		{12570738-AEBD-45D3-BDC2-D3C797639D93}.Debug|x64.ActiveCfg = Debug
		{12570738-AEBD-45D3-BDC2-D3C797639D93}.Debug|x64.Build.0 = Debug
		{12570738-AEBD-45D3-BDC2-D3C797639D93}.Debug|x86.ActiveCfg = Debug
		{12570738-AEBD-45D3-BDC2-D3C797639D93}.Debug|x86.Build.0 = Debug
		{12570738-AEBD-45D3-BDC2-D3C797639D93}.Release|Any CPU.ActiveCfg = Release
		{12570738-AEBD-45D3-BDC2-D3C797639D93}.Release|ARM64.ActiveCfg = Release
		{12570738-AEBD-45D3-BDC2-D3C797639D93}.Release|ARM64.Build.0 = Release
		{12570738-AEBD-45D3-BDC2-D3C797639D93}.Release|x64.ActiveCfg = Release
		{12570738-AEBD-45D3-BDC2-D3C797639D93}.Release|x64.Build.0 = Release
		{12570738-AEBD-45D3-BDC2-D3C797639D93}.Release|x86.ActiveCfg = Release
		{12570738-AEBD-45D3-BDC2-D3C797639D93}.Release|x86.Build.0 = Release
	EndGlobalSection
	GlobalSection(SolutionProperties) = preSolution
		HideSolutionNode = FALSE
	EndGlobalSection
	GlobalSection(ExtensibilityGlobals) = postSolution
		SolutionGuid = {E2A6E90D-2475-4FA0-9F01-B517DDD42230}
	EndGlobalSection
EndGlobal
