
Microsoft Visual Studio Solution File, Format Version 12.00
# Visual Studio Version 17
VisualStudioVersion = 17.10.34928.147
MinimumVisualStudioVersion = 10.0.40219.1
Project("{9A19103F-16F7-4668-BE54-9A1E7A4F7556}") = "UnykachAio240Display", "UnykachAio240Display.csproj", "{CA178DBF-D877-4804-979C-362D225C1B84}"
EndProject
Global
	GlobalSection(SolutionConfigurationPlatforms) = preSolution
		Debug|Any CPU = Debug|Any CPU
		Release|Any CPU = Release|Any CPU
	EndGlobalSection
	GlobalSection(ProjectConfigurationPlatforms) = postSolution
		{CA178DBF-D877-4804-979C-362D225C1B84}.Debug|Any CPU.ActiveCfg = Debug|Any CPU
		{CA178DBF-D877-4804-979C-362D225C1B84}.Debug|Any CPU.Build.0 = Debug|Any CPU
		{CA178DBF-D877-4804-979C-362D225C1B84}.Release|Any CPU.ActiveCfg = Release|Any CPU
		{CA178DBF-D877-4804-979C-362D225C1B84}.Release|Any CPU.Build.0 = Release|Any CPU
	EndGlobalSection
	GlobalSection(SolutionProperties) = preSolution
		HideSolutionNode = FALSE
	EndGlobalSection
	GlobalSection(ExtensibilityGlobals) = postSolution
		SolutionGuid = {E2A6E90D-2475-4FA0-9F01-B517DDD42230}
	EndGlobalSection
EndGlobal
